// !$*UTF8*$!
{
	archiveVersion = 1;
	classes = {
	};
	objectVersion = 50;
	objects = {

/* Begin PBXBuildFile section */
		0EC1D802267EE6080061DA2E /* AppDelegate.swift in Sources */ = {isa = PBXBuildFile; fileRef = 0EC1D801267EE6080061DA2E /* AppDelegate.swift */; };
		0EC1D804267EE6080061DA2E /* SceneDelegate.swift in Sources */ = {isa = PBXBuildFile; fileRef = 0EC1D803267EE6080061DA2E /* SceneDelegate.swift */; };
		0EC1D806267EE6080061DA2E /* ViewController.swift in Sources */ = {isa = PBXBuildFile; fileRef = 0EC1D805267EE6080061DA2E /* ViewController.swift */; };
		0EC1D809267EE6080061DA2E /* Main.storyboard in Resources */ = {isa = PBXBuildFile; fileRef = 0EC1D807267EE6080061DA2E /* Main.storyboard */; };
		0EC1D80B267EE60F0061DA2E /* Assets.xcassets in Resources */ = {isa = PBXBuildFile; fileRef = 0EC1D80A267EE60F0061DA2E /* Assets.xcassets */; };
		0EC1D80E267EE60F0061DA2E /* LaunchScreen.storyboard in Resources */ = {isa = PBXBuildFile; fileRef = 0EC1D80C267EE60F0061DA2E /* LaunchScreen.storyboard */; };
		0EC1D819267EE60F0061DA2E /* WeatherTests.swift in Sources */ = {isa = PBXBuildFile; fileRef = 0EC1D818267EE60F0061DA2E /* WeatherTests.swift */; };
		0EC1D824267EE60F0061DA2E /* WeatherUITests.swift in Sources */ = {isa = PBXBuildFile; fileRef = 0EC1D823267EE60F0061DA2E /* WeatherUITests.swift */; };
/* End PBXBuildFile section */

/* Begin PBXContainerItemProxy section */
		0EC1D815267EE60F0061DA2E /* PBXContainerItemProxy */ = {
			isa = PBXContainerItemProxy;
			containerPortal = 0EC1D7F6267EE6080061DA2E /* Project object */;
			proxyType = 1;
			remoteGlobalIDString = 0EC1D7FD267EE6080061DA2E;
			remoteInfo = Weather;
		};
		0EC1D820267EE60F0061DA2E /* PBXContainerItemProxy */ = {
			isa = PBXContainerItemProxy;
			containerPortal = 0EC1D7F6267EE6080061DA2E /* Project object */;
			proxyType = 1;
			remoteGlobalIDString = 0EC1D7FD267EE6080061DA2E;
			remoteInfo = Weather;
		};
/* End PBXContainerItemProxy section */

/* Begin PBXFileReference section */
		0EC1D7FE267EE6080061DA2E /* Weather.app */ = {isa = PBXFileReference; explicitFileType = wrapper.application; includeInIndex = 0; path = Weather.app; sourceTree = BUILT_PRODUCTS_DIR; };
		0EC1D801267EE6080061DA2E /* AppDelegate.swift */ = {isa = PBXFileReference; lastKnownFileType = sourcecode.swift; path = AppDelegate.swift; sourceTree = "<group>"; };
		0EC1D803267EE6080061DA2E /* SceneDelegate.swift */ = {isa = PBXFileReference; lastKnownFileType = sourcecode.swift; path = SceneDelegate.swift; sourceTree = "<group>"; };
		0EC1D805267EE6080061DA2E /* ViewController.swift */ = {isa = PBXFileReference; lastKnownFileType = sourcecode.swift; path = ViewController.swift; sourceTree = "<group>"; };
		0EC1D808267EE6080061DA2E /* Base */ = {isa = PBXFileReference; lastKnownFileType = file.storyboard; name = Base; path = Base.lproj/Main.storyboard; sourceTree = "<group>"; };
		0EC1D80A267EE60F0061DA2E /* Assets.xcassets */ = {isa = PBXFileReference; lastKnownFileType = folder.assetcatalog; path = Assets.xcassets; sourceTree = "<group>"; };
		0EC1D80D267EE60F0061DA2E /* Base */ = {isa = PBXFileReference; lastKnownFileType = file.storyboard; name = Base; path = Base.lproj/LaunchScreen.storyboard; sourceTree = "<group>"; };
		0EC1D80F267EE60F0061DA2E /* Info.plist */ = {isa = PBXFileReference; lastKnownFileType = text.plist.xml; path = Info.plist; sourceTree = "<group>"; };
		0EC1D814267EE60F0061DA2E /* WeatherTests.xctest */ = {isa = PBXFileReference; explicitFileType = wrapper.cfbundle; includeInIndex = 0; path = WeatherTests.xctest; sourceTree = BUILT_PRODUCTS_DIR; };
		0EC1D818267EE60F0061DA2E /* WeatherTests.swift */ = {isa = PBXFileReference; lastKnownFileType = sourcecode.swift; path = WeatherTests.swift; sourceTree = "<group>"; };
		0EC1D81A267EE60F0061DA2E /* Info.plist */ = {isa = PBXFileReference; lastKnownFileType = text.plist.xml; path = Info.plist; sourceTree = "<group>"; };
		0EC1D81F267EE60F0061DA2E /* WeatherUITests.xctest */ = {isa = PBXFileReference; explicitFileType = wrapper.cfbundle; includeInIndex = 0; path = WeatherUITests.xctest; sourceTree = BUILT_PRODUCTS_DIR; };
		0EC1D823267EE60F0061DA2E /* WeatherUITests.swift */ = {isa = PBXFileReference; lastKnownFileType = sourcecode.swift; path = WeatherUITests.swift; sourceTree = "<group>"; };
		0EC1D825267EE60F0061DA2E /* Info.plist */ = {isa = PBXFileReference; lastKnownFileType = text.plist.xml; path = Info.plist; sourceTree = "<group>"; };
/* End PBXFileReference section */

/* Begin PBXFrameworksBuildPhase section */
		0EC1D7FB267EE6080061DA2E /* Frameworks */ = {
			isa = PBXFrameworksBuildPhase;
			buildActionMask = 2147483647;
			files = (
			);
			runOnlyForDeploymentPostprocessing = 0;
		};
		0EC1D811267EE60F0061DA2E /* Frameworks */ = {
			isa = PBXFrameworksBuildPhase;
			buildActionMask = 2147483647;
			files = (
			);
			runOnlyForDeploymentPostprocessing = 0;
		};
		0EC1D81C267EE60F0061DA2E /* Frameworks */ = {
			isa = PBXFrameworksBuildPhase;
			buildActionMask = 2147483647;
			files = (
			);
			runOnlyForDeploymentPostprocessing = 0;
		};
/* End PBXFrameworksBuildPhase section */

/* Begin PBXGroup section */
		0EC1D7F5267EE6080061DA2E = {
			isa = PBXGroup;
			children = (
				0EC1D800267EE6080061DA2E /* Weather */,
				0EC1D817267EE60F0061DA2E /* WeatherTests */,
				0EC1D822267EE60F0061DA2E /* WeatherUITests */,
				0EC1D7FF267EE6080061DA2E /* Products */,
			);
			sourceTree = "<group>";
		};
		0EC1D7FF267EE6080061DA2E /* Products */ = {
			isa = PBXGroup;
			children = (
				0EC1D7FE267EE6080061DA2E /* Weather.app */,
				0EC1D814267EE60F0061DA2E /* WeatherTests.xctest */,
				0EC1D81F267EE60F0061DA2E /* WeatherUITests.xctest */,
			);
			name = Products;
			sourceTree = "<group>";
		};
		0EC1D800267EE6080061DA2E /* Weather */ = {
			isa = PBXGroup;
			children = (
				0EC1D801267EE6080061DA2E /* AppDelegate.swift */,
				0EC1D803267EE6080061DA2E /* SceneDelegate.swift */,
				0EC1D805267EE6080061DA2E /* ViewController.swift */,
				0EC1D807267EE6080061DA2E /* Main.storyboard */,
				0EC1D80A267EE60F0061DA2E /* Assets.xcassets */,
				0EC1D80C267EE60F0061DA2E /* LaunchScreen.storyboard */,
				0EC1D80F267EE60F0061DA2E /* Info.plist */,
			);
			path = Weather;
			sourceTree = "<group>";
		};
		0EC1D817267EE60F0061DA2E /* WeatherTests */ = {
			isa = PBXGroup;
			children = (
				0EC1D818267EE60F0061DA2E /* WeatherTests.swift */,
				0EC1D81A267EE60F0061DA2E /* Info.plist */,
			);
			path = WeatherTests;
			sourceTree = "<group>";
		};
		0EC1D822267EE60F0061DA2E /* WeatherUITests */ = {
			isa = PBXGroup;
			children = (
				0EC1D823267EE60F0061DA2E /* WeatherUITests.swift */,
				0EC1D825267EE60F0061DA2E /* Info.plist */,
			);
			path = WeatherUITests;
			sourceTree = "<group>";
		};
/* End PBXGroup section */

/* Begin PBXNativeTarget section */
		0EC1D7FD267EE6080061DA2E /* Weather */ = {
			isa = PBXNativeTarget;
			buildConfigurationList = 0EC1D828267EE60F0061DA2E /* Build configuration list for PBXNativeTarget "Weather" */;
			buildPhases = (
				0EC1D7FA267EE6080061DA2E /* Sources */,
				0EC1D7FB267EE6080061DA2E /* Frameworks */,
				0EC1D7FC267EE6080061DA2E /* Resources */,
			);
			buildRules = (
			);
			dependencies = (
			);
			name = Weather;
			productName = Weather;
			productReference = 0EC1D7FE267EE6080061DA2E /* Weather.app */;
			productType = "com.apple.product-type.application";
		};
		0EC1D813267EE60F0061DA2E /* WeatherTests */ = {
			isa = PBXNativeTarget;
			buildConfigurationList = 0EC1D82B267EE60F0061DA2E /* Build configuration list for PBXNativeTarget "WeatherTests" */;
			buildPhases = (
				0EC1D810267EE60F0061DA2E /* Sources */,
				0EC1D811267EE60F0061DA2E /* Frameworks */,
				0EC1D812267EE60F0061DA2E /* Resources */,
			);
			buildRules = (
			);
			dependencies = (
				0EC1D816267EE60F0061DA2E /* PBXTargetDependency */,
			);
			name = WeatherTests;
			productName = WeatherTests;
			productReference = 0EC1D814267EE60F0061DA2E /* WeatherTests.xctest */;
			productType = "com.apple.product-type.bundle.unit-test";
		};
		0EC1D81E267EE60F0061DA2E /* WeatherUITests */ = {
			isa = PBXNativeTarget;
			buildConfigurationList = 0EC1D82E267EE60F0061DA2E /* Build configuration list for PBXNativeTarget "WeatherUITests" */;
			buildPhases = (
				0EC1D81B267EE60F0061DA2E /* Sources */,
				0EC1D81C267EE60F0061DA2E /* Frameworks */,
				0EC1D81D267EE60F0061DA2E /* Resources */,
			);
			buildRules = (
			);
			dependencies = (
				0EC1D821267EE60F0061DA2E /* PBXTargetDependency */,
			);
			name = WeatherUITests;
			productName = WeatherUITests;
			productReference = 0EC1D81F267EE60F0061DA2E /* WeatherUITests.xctest */;
			productType = "com.apple.product-type.bundle.ui-testing";
		};
/* End PBXNativeTarget section */

/* Begin PBXProject section */
		0EC1D7F6267EE6080061DA2E /* Project object */ = {
			isa = PBXProject;
			attributes = {
				LastSwiftUpdateCheck = 1250;
				LastUpgradeCheck = 1250;
				TargetAttributes = {
					0EC1D7FD267EE6080061DA2E = {
						CreatedOnToolsVersion = 12.5;
					};
					0EC1D813267EE60F0061DA2E = {
						CreatedOnToolsVersion = 12.5;
						TestTargetID = 0EC1D7FD267EE6080061DA2E;
					};
					0EC1D81E267EE60F0061DA2E = {
						CreatedOnToolsVersion = 12.5;
						TestTargetID = 0EC1D7FD267EE6080061DA2E;
					};
				};
			};
			buildConfigurationList = 0EC1D7F9267EE6080061DA2E /* Build configuration list for PBXProject "Weather" */;
			compatibilityVersion = "Xcode 9.3";
			developmentRegion = en;
			hasScannedForEncodings = 0;
			knownRegions = (
				en,
				Base,
			);
			mainGroup = 0EC1D7F5267EE6080061DA2E;
			productRefGroup = 0EC1D7FF267EE6080061DA2E /* Products */;
			projectDirPath = "";
			projectRoot = "";
			targets = (
				0EC1D7FD267EE6080061DA2E /* Weather */,
				0EC1D813267EE60F0061DA2E /* WeatherTests */,
				0EC1D81E267EE60F0061DA2E /* WeatherUITests */,
			);
		};
/* End PBXProject section */

/* Begin PBXResourcesBuildPhase section */
		0EC1D7FC267EE6080061DA2E /* Resources */ = {
			isa = PBXResourcesBuildPhase;
			buildActionMask = 2147483647;
			files = (
				0EC1D80E267EE60F0061DA2E /* LaunchScreen.storyboard in Resources */,
				0EC1D80B267EE60F0061DA2E /* Assets.xcassets in Resources */,
				0EC1D809267EE6080061DA2E /* Main.storyboard in Resources */,
			);
			runOnlyForDeploymentPostprocessing = 0;
		};
		0EC1D812267EE60F0061DA2E /* Resources */ = {
			isa = PBXResourcesBuildPhase;
			buildActionMask = 2147483647;
			files = (
			);
			runOnlyForDeploymentPostprocessing = 0;
		};
		0EC1D81D267EE60F0061DA2E /* Resources */ = {
			isa = PBXResourcesBuildPhase;
			buildActionMask = 2147483647;
			files = (
			);
			runOnlyForDeploymentPostprocessing = 0;
		};
/* End PBXResourcesBuildPhase section */

/* Begin PBXSourcesBuildPhase section */
		0EC1D7FA267EE6080061DA2E /* Sources */ = {
			isa = PBXSourcesBuildPhase;
			buildActionMask = 2147483647;
			files = (
				0EC1D806267EE6080061DA2E /* ViewController.swift in Sources */,
				0EC1D802267EE6080061DA2E /* AppDelegate.swift in Sources */,
				0EC1D804267EE6080061DA2E /* SceneDelegate.swift in Sources */,
			);
			runOnlyForDeploymentPostprocessing = 0;
		};
		0EC1D810267EE60F0061DA2E /* Sources */ = {
			isa = PBXSourcesBuildPhase;
			buildActionMask = 2147483647;
			files = (
				0EC1D819267EE60F0061DA2E /* WeatherTests.swift in Sources */,
			);
			runOnlyForDeploymentPostprocessing = 0;
		};
		0EC1D81B267EE60F0061DA2E /* Sources */ = {
			isa = PBXSourcesBuildPhase;
			buildActionMask = 2147483647;
			files = (
				0EC1D824267EE60F0061DA2E /* WeatherUITests.swift in Sources */,
			);
			runOnlyForDeploymentPostprocessing = 0;
		};
/* End PBXSourcesBuildPhase section */

/* Begin PBXTargetDependency section */
		0EC1D816267EE60F0061DA2E /* PBXTargetDependency */ = {
			isa = PBXTargetDependency;
			target = 0EC1D7FD267EE6080061DA2E /* Weather */;
			targetProxy = 0EC1D815267EE60F0061DA2E /* PBXContainerItemProxy */;
		};
		0EC1D821267EE60F0061DA2E /* PBXTargetDependency */ = {
			isa = PBXTargetDependency;
			target = 0EC1D7FD267EE6080061DA2E /* Weather */;
			targetProxy = 0EC1D820267EE60F0061DA2E /* PBXContainerItemProxy */;
		};
/* End PBXTargetDependency section */

/* Begin PBXVariantGroup section */
		0EC1D807267EE6080061DA2E /* Main.storyboard */ = {
			isa = PBXVariantGroup;
			children = (
				0EC1D808267EE6080061DA2E /* Base */,
			);
			name = Main.storyboard;
			sourceTree = "<group>";
		};
		0EC1D80C267EE60F0061DA2E /* LaunchScreen.storyboard */ = {
			isa = PBXVariantGroup;
			children = (
				0EC1D80D267EE60F0061DA2E /* Base */,
			);
			name = LaunchScreen.storyboard;
			sourceTree = "<group>";
		};
/* End PBXVariantGroup section */

/* Begin XCBuildConfiguration section */
		0EC1D826267EE60F0061DA2E /* Debug */ = {
			isa = XCBuildConfiguration;
			buildSettings = {
				ALWAYS_SEARCH_USER_PATHS = NO;
				CLANG_ANALYZER_NONNULL = YES;
				CLANG_ANALYZER_NUMBER_OBJECT_CONVERSION = YES_AGGRESSIVE;
				CLANG_CXX_LANGUAGE_STANDARD = "gnu++14";
				CLANG_CXX_LIBRARY = "libc++";
				CLANG_ENABLE_MODULES = YES;
				CLANG_ENABLE_OBJC_ARC = YES;
				CLANG_ENABLE_OBJC_WEAK = YES;
				CLANG_WARN_BLOCK_CAPTURE_AUTORELEASING = YES;
				CLANG_WARN_BOOL_CONVERSION = YES;
				CLANG_WARN_COMMA = YES;
				CLANG_WARN_CONSTANT_CONVERSION = YES;
				CLANG_WARN_DEPRECATED_OBJC_IMPLEMENTATIONS = YES;
				CLANG_WARN_DIRECT_OBJC_ISA_USAGE = YES_ERROR;
				CLANG_WARN_DOCUMENTATION_COMMENTS = YES;
				CLANG_WARN_EMPTY_BODY = YES;
				CLANG_WARN_ENUM_CONVERSION = YES;
				CLANG_WARN_INFINITE_RECURSION = YES;
				CLANG_WARN_INT_CONVERSION = YES;
				CLANG_WARN_NON_LITERAL_NULL_CONVERSION = YES;
				CLANG_WARN_OBJC_IMPLICIT_RETAIN_SELF = YES;
				CLANG_WARN_OBJC_LITERAL_CONVERSION = YES;
				CLANG_WARN_OBJC_ROOT_CLASS = YES_ERROR;
				CLANG_WARN_QUOTED_INCLUDE_IN_FRAMEWORK_HEADER = YES;
				CLANG_WARN_RANGE_LOOP_ANALYSIS = YES;
				CLANG_WARN_STRICT_PROTOTYPES = YES;
				CLANG_WARN_SUSPICIOUS_MOVE = YES;
				CLANG_WARN_UNGUARDED_AVAILABILITY = YES_AGGRESSIVE;
				CLANG_WARN_UNREACHABLE_CODE = YES;
				CLANG_WARN__DUPLICATE_METHOD_MATCH = YES;
				COPY_PHASE_STRIP = NO;
				DEBUG_INFORMATION_FORMAT = dwarf;
				ENABLE_STRICT_OBJC_MSGSEND = YES;
				ENABLE_TESTABILITY = YES;
				GCC_C_LANGUAGE_STANDARD = gnu11;
				GCC_DYNAMIC_NO_PIC = NO;
				GCC_NO_COMMON_BLOCKS = YES;
				GCC_OPTIMIZATION_LEVEL = 0;
				GCC_PREPROCESSOR_DEFINITIONS = (
					"DEBUG=1",
					"$(inherited)",
				);
				GCC_WARN_64_TO_32_BIT_CONVERSION = YES;
				GCC_WARN_ABOUT_RETURN_TYPE = YES_ERROR;
				GCC_WARN_UNDECLARED_SELECTOR = YES;
				GCC_WARN_UNINITIALIZED_AUTOS = YES_AGGRESSIVE;
				GCC_WARN_UNUSED_FUNCTION = YES;
				GCC_WARN_UNUSED_VARIABLE = YES;
				IPHONEOS_DEPLOYMENT_TARGET = 14.5;
				MTL_ENABLE_DEBUG_INFO = INCLUDE_SOURCE;
				MTL_FAST_MATH = YES;
				ONLY_ACTIVE_ARCH = YES;
				SDKROOT = iphoneos;
				SWIFT_ACTIVE_COMPILATION_CONDITIONS = DEBUG;
				SWIFT_OPTIMIZATION_LEVEL = "-Onone";
			};
			name = Debug;
		};
		0EC1D827267EE60F0061DA2E /* Release */ = {
			isa = XCBuildConfiguration;
			buildSettings = {
				ALWAYS_SEARCH_USER_PATHS = NO;
				CLANG_ANALYZER_NONNULL = YES;
				CLANG_ANALYZER_NUMBER_OBJECT_CONVERSION = YES_AGGRESSIVE;
				CLANG_CXX_LANGUAGE_STANDARD = "gnu++14";
				CLANG_CXX_LIBRARY = "libc++";
				CLANG_ENABLE_MODULES = YES;
				CLANG_ENABLE_OBJC_ARC = YES;
				CLANG_ENABLE_OBJC_WEAK = YES;
				CLANG_WARN_BLOCK_CAPTURE_AUTORELEASING = YES;
				CLANG_WARN_BOOL_CONVERSION = YES;
				CLANG_WARN_COMMA = YES;
				CLANG_WARN_CONSTANT_CONVERSION = YES;
				CLANG_WARN_DEPRECATED_OBJC_IMPLEMENTATIONS = YES;
				CLANG_WARN_DIRECT_OBJC_ISA_USAGE = YES_ERROR;
				CLANG_WARN_DOCUMENTATION_COMMENTS = YES;
				CLANG_WARN_EMPTY_BODY = YES;
				CLANG_WARN_ENUM_CONVERSION = YES;
				CLANG_WARN_INFINITE_RECURSION = YES;
				CLANG_WARN_INT_CONVERSION = YES;
				CLANG_WARN_NON_LITERAL_NULL_CONVERSION = YES;
				CLANG_WARN_OBJC_IMPLICIT_RETAIN_SELF = YES;
				CLANG_WARN_OBJC_LITERAL_CONVERSION = YES;
				CLANG_WARN_OBJC_ROOT_CLASS = YES_ERROR;
				CLANG_WARN_QUOTED_INCLUDE_IN_FRAMEWORK_HEADER = YES;
				CLANG_WARN_RANGE_LOOP_ANALYSIS = YES;
				CLANG_WARN_STRICT_PROTOTYPES = YES;
				CLANG_WARN_SUSPICIOUS_MOVE = YES;
				CLANG_WARN_UNGUARDED_AVAILABILITY = YES_AGGRESSIVE;
				CLANG_WARN_UNREACHABLE_CODE = YES;
				CLANG_WARN__DUPLICATE_METHOD_MATCH = YES;
				COPY_PHASE_STRIP = NO;
				DEBUG_INFORMATION_FORMAT = "dwarf-with-dsym";
				ENABLE_NS_ASSERTIONS = NO;
				ENABLE_STRICT_OBJC_MSGSEND = YES;
				GCC_C_LANGUAGE_STANDARD = gnu11;
				GCC_NO_COMMON_BLOCKS = YES;
				GCC_WARN_64_TO_32_BIT_CONVERSION = YES;
				GCC_WARN_ABOUT_RETURN_TYPE = YES_ERROR;
				GCC_WARN_UNDECLARED_SELECTOR = YES;
				GCC_WARN_UNINITIALIZED_AUTOS = YES_AGGRESSIVE;
				GCC_WARN_UNUSED_FUNCTION = YES;
				GCC_WARN_UNUSED_VARIABLE = YES;
				IPHONEOS_DEPLOYMENT_TARGET = 14.5;
				MTL_ENABLE_DEBUG_INFO = NO;
				MTL_FAST_MATH = YES;
				SDKROOT = iphoneos;
				SWIFT_COMPILATION_MODE = wholemodule;
				SWIFT_OPTIMIZATION_LEVEL = "-O";
				VALIDATE_PRODUCT = YES;
			};
			name = Release;
		};
		0EC1D829267EE60F0061DA2E /* Debug */ = {
			isa = XCBuildConfiguration;
			buildSettings = {
				ASSETCATALOG_COMPILER_APPICON_NAME = AppIcon;
				ASSETCATALOG_COMPILER_GLOBAL_ACCENT_COLOR_NAME = AccentColor;
				CODE_SIGN_STYLE = Automatic;
				DEVELOPMENT_TEAM = 6SW4QY498T;
				INFOPLIST_FILE = Weather/Info.plist;
				LD_RUNPATH_SEARCH_PATHS = (
					"$(inherited)",
					"@executable_path/Frameworks",
				);
				PRODUCT_BUNDLE_IDENTIFIER = drwlabs.Weather;
				PRODUCT_NAME = "$(TARGET_NAME)";
				SWIFT_VERSION = 5.0;
				TARGETED_DEVICE_FAMILY = "1,2";
			};
			name = Debug;
		};
		0EC1D82A267EE60F0061DA2E /* Release */ = {
			isa = XCBuildConfiguration;
			buildSettings = {
				ASSETCATALOG_COMPILER_APPICON_NAME = AppIcon;
				ASSETCATALOG_COMPILER_GLOBAL_ACCENT_COLOR_NAME = AccentColor;
				CODE_SIGN_STYLE = Automatic;
				DEVELOPMENT_TEAM = 6SW4QY498T;
				INFOPLIST_FILE = Weather/Info.plist;
				LD_RUNPATH_SEARCH_PATHS = (
					"$(inherited)",
					"@executable_path/Frameworks",
				);
				PRODUCT_BUNDLE_IDENTIFIER = drwlabs.Weather;
				PRODUCT_NAME = "$(TARGET_NAME)";
				SWIFT_VERSION = 5.0;
				TARGETED_DEVICE_FAMILY = "1,2";
			};
			name = Release;
		};
		0EC1D82C267EE60F0061DA2E /* Debug */ = {
			isa = XCBuildConfiguration;
			buildSettings = {
				ALWAYS_EMBED_SWIFT_STANDARD_LIBRARIES = YES;
				BUNDLE_LOADER = "$(TEST_HOST)";
				CODE_SIGN_STYLE = Automatic;
				DEVELOPMENT_TEAM = 6SW4QY498T;
				INFOPLIST_FILE = WeatherTests/Info.plist;
				IPHONEOS_DEPLOYMENT_TARGET = 14.5;
				LD_RUNPATH_SEARCH_PATHS = (
					"$(inherited)",
					"@executable_path/Frameworks",
					"@loader_path/Frameworks",
				);
				PRODUCT_BUNDLE_IDENTIFIER = drwlabs.WeatherTests;
				PRODUCT_NAME = "$(TARGET_NAME)";
				SWIFT_VERSION = 5.0;
				TARGETED_DEVICE_FAMILY = "1,2";
				TEST_HOST = "$(BUILT_PRODUCTS_DIR)/Weather.app/Weather";
			};
			name = Debug;
		};
		0EC1D82D267EE60F0061DA2E /* Release */ = {
			isa = XCBuildConfiguration;
			buildSettings = {
				ALWAYS_EMBED_SWIFT_STANDARD_LIBRARIES = YES;
				BUNDLE_LOADER = "$(TEST_HOST)";
				CODE_SIGN_STYLE = Automatic;
				DEVELOPMENT_TEAM = 6SW4QY498T;
				INFOPLIST_FILE = WeatherTests/Info.plist;
				IPHONEOS_DEPLOYMENT_TARGET = 14.5;
				LD_RUNPATH_SEARCH_PATHS = (
					"$(inherited)",
					"@executable_path/Frameworks",
					"@loader_path/Frameworks",
				);
				PRODUCT_BUNDLE_IDENTIFIER = drwlabs.WeatherTests;
				PRODUCT_NAME = "$(TARGET_NAME)";
				SWIFT_VERSION = 5.0;
				TARGETED_DEVICE_FAMILY = "1,2";
				TEST_HOST = "$(BUILT_PRODUCTS_DIR)/Weather.app/Weather";
			};
			name = Release;
		};
		0EC1D82F267EE60F0061DA2E /* Debug */ = {
			isa = XCBuildConfiguration;
			buildSettings = {
				ALWAYS_EMBED_SWIFT_STANDARD_LIBRARIES = YES;
				CODE_SIGN_STYLE = Automatic;
				DEVELOPMENT_TEAM = 6SW4QY498T;
				INFOPLIST_FILE = WeatherUITests/Info.plist;
				LD_RUNPATH_SEARCH_PATHS = (
					"$(inherited)",
					"@executable_path/Frameworks",
					"@loader_path/Frameworks",
				);
				PRODUCT_BUNDLE_IDENTIFIER = drwlabs.WeatherUITests;
				PRODUCT_NAME = "$(TARGET_NAME)";
				SWIFT_VERSION = 5.0;
				TARGETED_DEVICE_FAMILY = "1,2";
				TEST_TARGET_NAME = Weather;
			};
			name = Debug;
		};
		0EC1D830267EE60F0061DA2E /* Release */ = {
			isa = XCBuildConfiguration;
			buildSettings = {
				ALWAYS_EMBED_SWIFT_STANDARD_LIBRARIES = YES;
				CODE_SIGN_STYLE = Automatic;
				DEVELOPMENT_TEAM = 6SW4QY498T;
				INFOPLIST_FILE = WeatherUITests/Info.plist;
				LD_RUNPATH_SEARCH_PATHS = (
					"$(inherited)",
					"@executable_path/Frameworks",
					"@loader_path/Frameworks",
				);
				PRODUCT_BUNDLE_IDENTIFIER = drwlabs.WeatherUITests;
				PRODUCT_NAME = "$(TARGET_NAME)";
				SWIFT_VERSION = 5.0;
				TARGETED_DEVICE_FAMILY = "1,2";
				TEST_TARGET_NAME = Weather;
			};
			name = Release;
		};
/* End XCBuildConfiguration section */

/* Begin XCConfigurationList section */
		0EC1D7F9267EE6080061DA2E /* Build configuration list for PBXProject "Weather" */ = {
			isa = XCConfigurationList;
			buildConfigurations = (
				0EC1D826267EE60F0061DA2E /* Debug */,
				0EC1D827267EE60F0061DA2E /* Release */,
			);
			defaultConfigurationIsVisible = 0;
			defaultConfigurationName = Release;
		};
		0EC1D828267EE60F0061DA2E /* Build configuration list for PBXNativeTarget "Weather" */ = {
			isa = XCConfigurationList;
			buildConfigurations = (
				0EC1D829267EE60F0061DA2E /* Debug */,
				0EC1D82A267EE60F0061DA2E /* Release */,
			);
			defaultConfigurationIsVisible = 0;
			defaultConfigurationName = Release;
		};
		0EC1D82B267EE60F0061DA2E /* Build configuration list for PBXNativeTarget "WeatherTests" */ = {
			isa = XCConfigurationList;
			buildConfigurations = (
				0EC1D82C267EE60F0061DA2E /* Debug */,
				0EC1D82D267EE60F0061DA2E /* Release */,
			);
			defaultConfigurationIsVisible = 0;
			defaultConfigurationName = Release;
		};
		0EC1D82E267EE60F0061DA2E /* Build configuration list for PBXNativeTarget "WeatherUITests" */ = {
			isa = XCConfigurationList;
			buildConfigurations = (
				0EC1D82F267EE60F0061DA2E /* Debug */,
				0EC1D830267EE60F0061DA2E /* Release */,
			);
			defaultConfigurationIsVisible = 0;
			defaultConfigurationName = Release;
		};
/* End XCConfigurationList section */
	};
	rootObject = 0EC1D7F6267EE6080061DA2E /* Project object */;
}
